
Microsoft Visual Studio Solution File, Format Version 12.00
# Visual Studio 15
VisualStudioVersion = 15.0.27428.2037
MinimumVisualStudioVersion = 10.0.40219.1
Project("{FAE04EC0-301F-11D3-BF4B-00C04F79EFBC}") = "Zielinski.Librarymanager.UI", "Zielinski.Librarymanager\Zielinski.Librarymanager.UI.csproj", "{CE480767-9DC0-4EE6-B7EB-930AAC3C4BC3}"
EndProject
Project("{FAE04EC0-301F-11D3-BF4B-00C04F79EFBC}") = "Zielinski.Librarymanager.Interfaces", "Zielinski.Librarymanager.Interfaces\Zielinski.Librarymanager.Interfaces.csproj", "{759EB097-7ACE-4E79-AC21-4FB6AD2329C4}"
EndProject
Project("{FAE04EC0-301F-11D3-BF4B-00C04F79EFBC}") = "Zielinski.Librarymanager.Core", "Zielinski.Librarymanager.Core\Zielinski.Librarymanager.Core.csproj", "{A271210E-314A-489E-AE0B-0EDD8023B570}"
EndProject
Project("{FAE04EC0-301F-11D3-BF4B-00C04F79EFBC}") = "Zielinski.Librarymanager.DAO", "Zielinski.Librarymanager.DAO\Zielinski.Librarymanager.DAO.csproj", "{901DDC56-7685-4F36-AC53-F46254750BD5}"
EndProject
Project("{FAE04EC0-301F-11D3-BF4B-00C04F79EFBC}") = "Zielinski.Librarymanager.BLC", "Zielinski.Librarymanager.BLC\Zielinski.Librarymanager.BLC.csproj", "{EF9ED82F-8C20-465D-A22E-B8F0F43937CD}"
EndProject
Global
	GlobalSection(SolutionConfigurationPlatforms) = preSolution
		Debug|Any CPU = Debug|Any CPU
		Release|Any CPU = Release|Any CPU
	EndGlobalSection
	GlobalSection(ProjectConfigurationPlatforms) = postSolution
		{CE480767-9DC0-4EE6-B7EB-930AAC3C4BC3}.Debug|Any CPU.ActiveCfg = Debug|Any CPU
		{CE480767-9DC0-4EE6-B7EB-930AAC3C4BC3}.Debug|Any CPU.Build.0 = Debug|Any CPU
		{CE480767-9DC0-4EE6-B7EB-930AAC3C4BC3}.Release|Any CPU.ActiveCfg = Release|Any CPU
		{CE480767-9DC0-4EE6-B7EB-930AAC3C4BC3}.Release|Any CPU.Build.0 = Release|Any CPU
		{759EB097-7ACE-4E79-AC21-4FB6AD2329C4}.Debug|Any CPU.ActiveCfg = Debug|Any CPU
		{759EB097-7ACE-4E79-AC21-4FB6AD2329C4}.Debug|Any CPU.Build.0 = Debug|Any CPU
		{759EB097-7ACE-4E79-AC21-4FB6AD2329C4}.Release|Any CPU.ActiveCfg = Release|Any CPU
		{759EB097-7ACE-4E79-AC21-4FB6AD2329C4}.Release|Any CPU.Build.0 = Release|Any CPU
		{A271210E-314A-489E-AE0B-0EDD8023B570}.Debug|Any CPU.ActiveCfg = Debug|Any CPU
		{A271210E-314A-489E-AE0B-0EDD8023B570}.Debug|Any CPU.Build.0 = Debug|Any CPU
		{A271210E-314A-489E-AE0B-0EDD8023B570}.Release|Any CPU.ActiveCfg = Release|Any CPU
		{A271210E-314A-489E-AE0B-0EDD8023B570}.Release|Any CPU.Build.0 = Release|Any CPU
		{901DDC56-7685-4F36-AC53-F46254750BD5}.Debug|Any CPU.ActiveCfg = Debug|Any CPU
		{901DDC56-7685-4F36-AC53-F46254750BD5}.Debug|Any CPU.Build.0 = Debug|Any CPU
		{901DDC56-7685-4F36-AC53-F46254750BD5}.Release|Any CPU.ActiveCfg = Release|Any CPU
		{901DDC56-7685-4F36-AC53-F46254750BD5}.Release|Any CPU.Build.0 = Release|Any CPU
		{EF9ED82F-8C20-465D-A22E-B8F0F43937CD}.Debug|Any CPU.ActiveCfg = Debug|Any CPU
		{EF9ED82F-8C20-465D-A22E-B8F0F43937CD}.Debug|Any CPU.Build.0 = Debug|Any CPU
		{EF9ED82F-8C20-465D-A22E-B8F0F43937CD}.Release|Any CPU.ActiveCfg = Release|Any CPU
		{EF9ED82F-8C20-465D-A22E-B8F0F43937CD}.Release|Any CPU.Build.0 = Release|Any CPU
	EndGlobalSection
	GlobalSection(SolutionProperties) = preSolution
		HideSolutionNode = FALSE
	EndGlobalSection
	GlobalSection(ExtensibilityGlobals) = postSolution
		SolutionGuid = {7DA63BD5-DAFB-408C-AA4F-1C59935B8AD4}
	EndGlobalSection
EndGlobal
